
Microsoft Visual Studio Solution File, Format Version 12.00
# Visual Studio Version 17
VisualStudioVersion = 17.14.36804.6 d17.14
MinimumVisualStudioVersion = 10.0.40219.1
Project("{FAE04EC0-301F-11D3-BF4B-00C04F79EFBC}") = "Possible routes of missing people", "Possible routes of missing people\Possible routes of missing people.csproj", "{2627398D-83A4-46F9-8A6E-248CD6FF7D33}"
EndProject
Global
	GlobalSection(SolutionConfigurationPlatforms) = preSolution
		Debug|Any CPU = Debug|Any CPU
		Release|Any CPU = Release|Any CPU
	EndGlobalSection
	GlobalSection(ProjectConfigurationPlatforms) = postSolution
		{2627398D-83A4-46F9-8A6E-248CD6FF7D33}.Debug|Any CPU.ActiveCfg = Debug|Any CPU
		{2627398D-83A4-46F9-8A6E-248CD6FF7D33}.Debug|Any CPU.Build.0 = Debug|Any CPU
		{2627398D-83A4-46F9-8A6E-248CD6FF7D33}.Release|Any CPU.ActiveCfg = Release|Any CPU
		{2627398D-83A4-46F9-8A6E-248CD6FF7D33}.Release|Any CPU.Build.0 = Release|Any CPU
	EndGlobalSection
	GlobalSection(SolutionProperties) = preSolution
		HideSolutionNode = FALSE
	EndGlobalSection
	GlobalSection(ExtensibilityGlobals) = postSolution
		SolutionGuid = {28C1957B-0DB6-444C-9ABF-646558BCF1A7}
	EndGlobalSection
EndGlobal
